
Microsoft Visual Studio Solution File, Format Version 12.00
# Visual Studio Version 16
VisualStudioVersion = 16.0.28315.86
MinimumVisualStudioVersion = 10.0.40219.1
Project("{FAE04EC0-301F-11D3-BF4B-00C04F79EFBC}") = "accessSpecifier", "cSharpBasics\accessSpecifier.csproj", "{782A78AD-6778-48D4-8DB0-1B9D00012185}"
EndProject
Global
	GlobalSection(SolutionConfigurationPlatforms) = preSolution
		Debug|Any CPU = Debug|Any CPU
		Release|Any CPU = Release|Any CPU
	EndGlobalSection
	GlobalSection(ProjectConfigurationPlatforms) = postSolution
		{782A78AD-6778-48D4-8DB0-1B9D00012185}.Debug|Any CPU.ActiveCfg = Debug|Any CPU
		{782A78AD-6778-48D4-8DB0-1B9D00012185}.Debug|Any CPU.Build.0 = Debug|Any CPU
		{782A78AD-6778-48D4-8DB0-1B9D00012185}.Release|Any CPU.ActiveCfg = Release|Any CPU
		{782A78AD-6778-48D4-8DB0-1B9D00012185}.Release|Any CPU.Build.0 = Release|Any CPU
	EndGlobalSection
	GlobalSection(SolutionProperties) = preSolution
		HideSolutionNode = FALSE
	EndGlobalSection
	GlobalSection(ExtensibilityGlobals) = postSolution
		SolutionGuid = {B60F8CD5-469C-4837-9044-B94E2854F299}
	EndGlobalSection
EndGlobal
