
Microsoft Visual Studio Solution File, Format Version 12.00
# Visual Studio Version 16
VisualStudioVersion = 16.0.28315.86
MinimumVisualStudioVersion = 10.0.40219.1
Project("{FAE04EC0-301F-11D3-BF4B-00C04F79EFBC}") = "ImpCodes", "ImpCodes\ImpCodes.csproj", "{BE03744C-F492-4F34-9560-3601B06FE216}"
EndProject
Global
	GlobalSection(SolutionConfigurationPlatforms) = preSolution
		Debug|Any CPU = Debug|Any CPU
		Release|Any CPU = Release|Any CPU
	EndGlobalSection
	GlobalSection(ProjectConfigurationPlatforms) = postSolution
		{BE03744C-F492-4F34-9560-3601B06FE216}.Debug|Any CPU.ActiveCfg = Debug|Any CPU
		{BE03744C-F492-4F34-9560-3601B06FE216}.Debug|Any CPU.Build.0 = Debug|Any CPU
		{BE03744C-F492-4F34-9560-3601B06FE216}.Release|Any CPU.ActiveCfg = Release|Any CPU
		{BE03744C-F492-4F34-9560-3601B06FE216}.Release|Any CPU.Build.0 = Release|Any CPU
	EndGlobalSection
	GlobalSection(SolutionProperties) = preSolution
		HideSolutionNode = FALSE
	EndGlobalSection
	GlobalSection(ExtensibilityGlobals) = postSolution
		SolutionGuid = {5686D6F6-F8C4-49C2-9FC0-5CA1976B83D7}
	EndGlobalSection
EndGlobal
