
Microsoft Visual Studio Solution File, Format Version 12.00
# Visual Studio 15
Project("{FAE04EC0-301F-11D3-BF4B-00C04F79EFBC}") = "LINQ_tots", "LINQ_tots\LINQ_tots.csproj", "{B47FDBB4-7E4B-4305-BA4C-6688ABE604C6}"
EndProject
Global
	GlobalSection(SolutionConfigurationPlatforms) = preSolution
		Debug|Any CPU = Debug|Any CPU
		Release|Any CPU = Release|Any CPU
	EndGlobalSection
	GlobalSection(ProjectConfigurationPlatforms) = postSolution
		{B47FDBB4-7E4B-4305-BA4C-6688ABE604C6}.Debug|Any CPU.ActiveCfg = Debug|Any CPU
		{B47FDBB4-7E4B-4305-BA4C-6688ABE604C6}.Debug|Any CPU.Build.0 = Debug|Any CPU
		{B47FDBB4-7E4B-4305-BA4C-6688ABE604C6}.Release|Any CPU.ActiveCfg = Release|Any CPU
		{B47FDBB4-7E4B-4305-BA4C-6688ABE604C6}.Release|Any CPU.Build.0 = Release|Any CPU
	EndGlobalSection
EndGlobal
